GET /api/chapters/
{
  "name": "",
  "description": ""
  "sections": [
    {
      "name": "sectionx",
      "articles": [
        {
          "number": "",
          "name": "",
          "content": "sdfiozejozei"
        }
      ]
    }
  ]
}

GET /api/articles/number
{
  "name": "",
  "videoLink": "www",
  "content": "sdfiozejozei",
  "chapter": "",
  "date": "",
  ""
}